
Microsoft Visual Studio Solution File, Format Version 12.00
# Visual Studio Version 17
VisualStudioVersion = 17.2.32526.322
MinimumVisualStudioVersion = 10.0.40219.1
Project("{2150E333-8FDC-42A3-9474-1A3956D46DE8}") = "src", "src", "{E0B067D5-522A-4D9B-BAE1-B2F7E9E3F362}"
EndProject
Project("{2150E333-8FDC-42A3-9474-1A3956D46DE8}") = "01-Domain", "01-Domain", "{464CCA87-3ECE-4467-80A9-8A3E70D1E12C}"
EndProject
Project("{2150E333-8FDC-42A3-9474-1A3956D46DE8}") = "02-Infrastructures", "02-Infrastructures", "{BB046FFC-A665-45C2-82FC-923DA2BA9BFB}"
EndProject
Project("{2150E333-8FDC-42A3-9474-1A3956D46DE8}") = "03-EndPoints", "03-EndPoints", "{81B6DE90-E8FF-46B4-89AB-93C2C0B22322}"
EndProject
Project("{2150E333-8FDC-42A3-9474-1A3956D46DE8}") = "Core", "Core", "{3223D820-6899-4709-B210-782C6542397A}"
EndProject
Project("{FAE04EC0-301F-11D3-BF4B-00C04F79EFBC}") = "App.Domain.Core", "src\App.Domain.Core\App.Domain.Core.csproj", "{84D3AF70-ADE0-4894-95DD-8638C5BFBF9F}"
EndProject
Project("{2150E333-8FDC-42A3-9474-1A3956D46DE8}") = "Services", "Services", "{25BDDE0B-DF1D-454B-8462-68456CF99E42}"
EndProject
Project("{FAE04EC0-301F-11D3-BF4B-00C04F79EFBC}") = "App.Domain.Services", "src\App.Domain.Services\App.Domain.Services.csproj", "{075CE177-B387-49A0-8FFF-07207D485987}"
EndProject
Project("{FAE04EC0-301F-11D3-BF4B-00C04F79EFBC}") = "App.EndPoints.UI", "src\App.EndPoints.UI\App.EndPoints.UI.csproj", "{AECFD562-977B-4CF7-A8D0-5FD11A138693}"
EndProject
Project("{2150E333-8FDC-42A3-9474-1A3956D46DE8}") = "Db", "Db", "{F185A54B-BDDF-4E05-ACD8-D1503BF0C562}"
EndProject
Project("{2150E333-8FDC-42A3-9474-1A3956D46DE8}") = "DataAccess", "DataAccess", "{850B6AD3-6147-4D17-8170-0954CEB27058}"
EndProject
Project("{FAE04EC0-301F-11D3-BF4B-00C04F79EFBC}") = "App.Infrastructures.Database.SqlServer", "src\App.Infrastructures.Database.SqlServer\App.Infrastructures.Database.SqlServer.csproj", "{3CD8477E-1601-4FE9-B1CB-952DAF4D3316}"
EndProject
Project("{FAE04EC0-301F-11D3-BF4B-00C04F79EFBC}") = "App.Infrastructures.Repository.Ef", "src\App.Infrastructures.Repository.Ef\App.Infrastructures.Repository.Ef.csproj", "{97A42F50-97D2-4FB5-B611-5A8794E72382}"
EndProject
Global
	GlobalSection(SolutionConfigurationPlatforms) = preSolution
		Debug|Any CPU = Debug|Any CPU
		Release|Any CPU = Release|Any CPU
	EndGlobalSection
	GlobalSection(ProjectConfigurationPlatforms) = postSolution
		{84D3AF70-ADE0-4894-95DD-8638C5BFBF9F}.Debug|Any CPU.ActiveCfg = Debug|Any CPU
		{84D3AF70-ADE0-4894-95DD-8638C5BFBF9F}.Debug|Any CPU.Build.0 = Debug|Any CPU
		{84D3AF70-ADE0-4894-95DD-8638C5BFBF9F}.Release|Any CPU.ActiveCfg = Release|Any CPU
		{84D3AF70-ADE0-4894-95DD-8638C5BFBF9F}.Release|Any CPU.Build.0 = Release|Any CPU
		{075CE177-B387-49A0-8FFF-07207D485987}.Debug|Any CPU.ActiveCfg = Debug|Any CPU
		{075CE177-B387-49A0-8FFF-07207D485987}.Debug|Any CPU.Build.0 = Debug|Any CPU
		{075CE177-B387-49A0-8FFF-07207D485987}.Release|Any CPU.ActiveCfg = Release|Any CPU
		{075CE177-B387-49A0-8FFF-07207D485987}.Release|Any CPU.Build.0 = Release|Any CPU
		{AECFD562-977B-4CF7-A8D0-5FD11A138693}.Debug|Any CPU.ActiveCfg = Debug|Any CPU
		{AECFD562-977B-4CF7-A8D0-5FD11A138693}.Debug|Any CPU.Build.0 = Debug|Any CPU
		{AECFD562-977B-4CF7-A8D0-5FD11A138693}.Release|Any CPU.ActiveCfg = Release|Any CPU
		{AECFD562-977B-4CF7-A8D0-5FD11A138693}.Release|Any CPU.Build.0 = Release|Any CPU
		{3CD8477E-1601-4FE9-B1CB-952DAF4D3316}.Debug|Any CPU.ActiveCfg = Debug|Any CPU
		{3CD8477E-1601-4FE9-B1CB-952DAF4D3316}.Debug|Any CPU.Build.0 = Debug|Any CPU
		{3CD8477E-1601-4FE9-B1CB-952DAF4D3316}.Release|Any CPU.ActiveCfg = Release|Any CPU
		{3CD8477E-1601-4FE9-B1CB-952DAF4D3316}.Release|Any CPU.Build.0 = Release|Any CPU
		{97A42F50-97D2-4FB5-B611-5A8794E72382}.Debug|Any CPU.ActiveCfg = Debug|Any CPU
		{97A42F50-97D2-4FB5-B611-5A8794E72382}.Debug|Any CPU.Build.0 = Debug|Any CPU
		{97A42F50-97D2-4FB5-B611-5A8794E72382}.Release|Any CPU.ActiveCfg = Release|Any CPU
		{97A42F50-97D2-4FB5-B611-5A8794E72382}.Release|Any CPU.Build.0 = Release|Any CPU
	EndGlobalSection
	GlobalSection(SolutionProperties) = preSolution
		HideSolutionNode = FALSE
	EndGlobalSection
	GlobalSection(NestedProjects) = preSolution
		{464CCA87-3ECE-4467-80A9-8A3E70D1E12C} = {E0B067D5-522A-4D9B-BAE1-B2F7E9E3F362}
		{BB046FFC-A665-45C2-82FC-923DA2BA9BFB} = {E0B067D5-522A-4D9B-BAE1-B2F7E9E3F362}
		{81B6DE90-E8FF-46B4-89AB-93C2C0B22322} = {E0B067D5-522A-4D9B-BAE1-B2F7E9E3F362}
		{3223D820-6899-4709-B210-782C6542397A} = {464CCA87-3ECE-4467-80A9-8A3E70D1E12C}
		{84D3AF70-ADE0-4894-95DD-8638C5BFBF9F} = {3223D820-6899-4709-B210-782C6542397A}
		{25BDDE0B-DF1D-454B-8462-68456CF99E42} = {464CCA87-3ECE-4467-80A9-8A3E70D1E12C}
		{075CE177-B387-49A0-8FFF-07207D485987} = {25BDDE0B-DF1D-454B-8462-68456CF99E42}
		{AECFD562-977B-4CF7-A8D0-5FD11A138693} = {81B6DE90-E8FF-46B4-89AB-93C2C0B22322}
		{F185A54B-BDDF-4E05-ACD8-D1503BF0C562} = {BB046FFC-A665-45C2-82FC-923DA2BA9BFB}
		{850B6AD3-6147-4D17-8170-0954CEB27058} = {BB046FFC-A665-45C2-82FC-923DA2BA9BFB}
		{3CD8477E-1601-4FE9-B1CB-952DAF4D3316} = {F185A54B-BDDF-4E05-ACD8-D1503BF0C562}
		{97A42F50-97D2-4FB5-B611-5A8794E72382} = {850B6AD3-6147-4D17-8170-0954CEB27058}
	EndGlobalSection
	GlobalSection(ExtensibilityGlobals) = postSolution
		SolutionGuid = {668A479E-8E83-4423-8929-82AA11A3370D}
	EndGlobalSection
EndGlobal
